
Microsoft Visual Studio Solution File, Format Version 12.00
# Visual Studio Version 16
VisualStudioVersion = 16.0.28315.86
MinimumVisualStudioVersion = 10.0.40219.1
Project("{2150E333-8FDC-42A3-9474-1A3956D46DE8}") = "Engine", "Engine", "{66424D92-BB5D-4E93-A539-80287DB4AB04}"
EndProject
Project("{2150E333-8FDC-42A3-9474-1A3956D46DE8}") = "Games", "Games", "{A733DB94-34D4-479D-8941-B14A7AE41039}"
EndProject
Project("{8BC9CEB8-8B4A-11D0-8D11-00A0C91BC942}") = "UE4", "Intermediate\ProjectFiles\UE4.vcxproj", "{6114C199-CB6E-4070-8C15-CD7E9ADFDD61}"
EndProject
Project("{8BC9CEB8-8B4A-11D0-8D11-00A0C91BC942}") = "Building_Scape", "Intermediate\ProjectFiles\Building_Scape.vcxproj", "{2BE3E0C9-8D5C-4099-A27F-EE9ECD9B14B7}"
EndProject
Project("{2150E333-8FDC-42A3-9474-1A3956D46DE8}") = "Visualizers", "Visualizers", "{A89FDC89-B598-46B5-B6F7-2BD2A7C5CD6E}"
	ProjectSection(SolutionItems) = preProject
		C:\Program Files\Epic Games\UE_4.22\Engine\Extras\VisualStudioDebugging\UE4.natvis = C:\Program Files\Epic Games\UE_4.22\Engine\Extras\VisualStudioDebugging\UE4.natvis
	EndProjectSection
EndProject
Global
	GlobalSection(SolutionConfigurationPlatforms) = preSolution
		DebugGame Editor|HTML5 = DebugGame Editor|HTML5
		DebugGame Editor|Win32 = DebugGame Editor|Win32
		DebugGame Editor|Win64 = DebugGame Editor|Win64
		DebugGame|HTML5 = DebugGame|HTML5
		DebugGame|Win32 = DebugGame|Win32
		DebugGame|Win64 = DebugGame|Win64
		Development Editor|HTML5 = Development Editor|HTML5
		Development Editor|Win32 = Development Editor|Win32
		Development Editor|Win64 = Development Editor|Win64
		Development|HTML5 = Development|HTML5
		Development|Win32 = Development|Win32
		Development|Win64 = Development|Win64
		Shipping|HTML5 = Shipping|HTML5
		Shipping|Win32 = Shipping|Win32
		Shipping|Win64 = Shipping|Win64
	EndGlobalSection
	GlobalSection(ProjectConfigurationPlatforms) = postSolution
		{6114C199-CB6E-4070-8C15-CD7E9ADFDD61}.DebugGame Editor|HTML5.ActiveCfg = BuiltWithUnrealBuildTool|Win32
		{6114C199-CB6E-4070-8C15-CD7E9ADFDD61}.DebugGame Editor|Win32.ActiveCfg = BuiltWithUnrealBuildTool|Win32
		{6114C199-CB6E-4070-8C15-CD7E9ADFDD61}.DebugGame Editor|Win64.ActiveCfg = BuiltWithUnrealBuildTool|Win32
		{6114C199-CB6E-4070-8C15-CD7E9ADFDD61}.DebugGame|HTML5.ActiveCfg = BuiltWithUnrealBuildTool|Win32
		{6114C199-CB6E-4070-8C15-CD7E9ADFDD61}.DebugGame|Win32.ActiveCfg = BuiltWithUnrealBuildTool|Win32
		{6114C199-CB6E-4070-8C15-CD7E9ADFDD61}.DebugGame|Win64.ActiveCfg = BuiltWithUnrealBuildTool|Win32
		{6114C199-CB6E-4070-8C15-CD7E9ADFDD61}.Development Editor|HTML5.ActiveCfg = BuiltWithUnrealBuildTool|Win32
		{6114C199-CB6E-4070-8C15-CD7E9ADFDD61}.Development Editor|Win32.ActiveCfg = BuiltWithUnrealBuildTool|Win32
		{6114C199-CB6E-4070-8C15-CD7E9ADFDD61}.Development Editor|Win64.ActiveCfg = BuiltWithUnrealBuildTool|Win32
		{6114C199-CB6E-4070-8C15-CD7E9ADFDD61}.Development|HTML5.ActiveCfg = BuiltWithUnrealBuildTool|Win32
		{6114C199-CB6E-4070-8C15-CD7E9ADFDD61}.Development|Win32.ActiveCfg = BuiltWithUnrealBuildTool|Win32
		{6114C199-CB6E-4070-8C15-CD7E9ADFDD61}.Development|Win64.ActiveCfg = BuiltWithUnrealBuildTool|Win32
		{6114C199-CB6E-4070-8C15-CD7E9ADFDD61}.Shipping|HTML5.ActiveCfg = BuiltWithUnrealBuildTool|Win32
		{6114C199-CB6E-4070-8C15-CD7E9ADFDD61}.Shipping|Win32.ActiveCfg = BuiltWithUnrealBuildTool|Win32
		{6114C199-CB6E-4070-8C15-CD7E9ADFDD61}.Shipping|Win64.ActiveCfg = BuiltWithUnrealBuildTool|Win32
		{2BE3E0C9-8D5C-4099-A27F-EE9ECD9B14B7}.DebugGame Editor|HTML5.ActiveCfg = Invalid|Win32
		{2BE3E0C9-8D5C-4099-A27F-EE9ECD9B14B7}.DebugGame Editor|Win32.ActiveCfg = Invalid|Win32
		{2BE3E0C9-8D5C-4099-A27F-EE9ECD9B14B7}.DebugGame Editor|Win64.ActiveCfg = DebugGame_Editor|x64
		{2BE3E0C9-8D5C-4099-A27F-EE9ECD9B14B7}.DebugGame Editor|Win64.Build.0 = DebugGame_Editor|x64
		{2BE3E0C9-8D5C-4099-A27F-EE9ECD9B14B7}.DebugGame|HTML5.ActiveCfg = HTML5_DebugGame|Win32
		{2BE3E0C9-8D5C-4099-A27F-EE9ECD9B14B7}.DebugGame|HTML5.Build.0 = HTML5_DebugGame|Win32
		{2BE3E0C9-8D5C-4099-A27F-EE9ECD9B14B7}.DebugGame|Win32.ActiveCfg = DebugGame|Win32
		{2BE3E0C9-8D5C-4099-A27F-EE9ECD9B14B7}.DebugGame|Win32.Build.0 = DebugGame|Win32
		{2BE3E0C9-8D5C-4099-A27F-EE9ECD9B14B7}.DebugGame|Win64.ActiveCfg = DebugGame|x64
		{2BE3E0C9-8D5C-4099-A27F-EE9ECD9B14B7}.DebugGame|Win64.Build.0 = DebugGame|x64
		{2BE3E0C9-8D5C-4099-A27F-EE9ECD9B14B7}.Development Editor|HTML5.ActiveCfg = Invalid|Win32
		{2BE3E0C9-8D5C-4099-A27F-EE9ECD9B14B7}.Development Editor|Win32.ActiveCfg = Invalid|Win32
		{2BE3E0C9-8D5C-4099-A27F-EE9ECD9B14B7}.Development Editor|Win64.ActiveCfg = Development_Editor|x64
		{2BE3E0C9-8D5C-4099-A27F-EE9ECD9B14B7}.Development Editor|Win64.Build.0 = Development_Editor|x64
		{2BE3E0C9-8D5C-4099-A27F-EE9ECD9B14B7}.Development|HTML5.ActiveCfg = HTML5_Development|Win32
		{2BE3E0C9-8D5C-4099-A27F-EE9ECD9B14B7}.Development|HTML5.Build.0 = HTML5_Development|Win32
		{2BE3E0C9-8D5C-4099-A27F-EE9ECD9B14B7}.Development|Win32.ActiveCfg = Development|Win32
		{2BE3E0C9-8D5C-4099-A27F-EE9ECD9B14B7}.Development|Win32.Build.0 = Development|Win32
		{2BE3E0C9-8D5C-4099-A27F-EE9ECD9B14B7}.Development|Win64.ActiveCfg = Development|x64
		{2BE3E0C9-8D5C-4099-A27F-EE9ECD9B14B7}.Development|Win64.Build.0 = Development|x64
		{2BE3E0C9-8D5C-4099-A27F-EE9ECD9B14B7}.Shipping|HTML5.ActiveCfg = HTML5_Shipping|Win32
		{2BE3E0C9-8D5C-4099-A27F-EE9ECD9B14B7}.Shipping|HTML5.Build.0 = HTML5_Shipping|Win32
		{2BE3E0C9-8D5C-4099-A27F-EE9ECD9B14B7}.Shipping|Win32.ActiveCfg = Shipping|Win32
		{2BE3E0C9-8D5C-4099-A27F-EE9ECD9B14B7}.Shipping|Win32.Build.0 = Shipping|Win32
		{2BE3E0C9-8D5C-4099-A27F-EE9ECD9B14B7}.Shipping|Win64.ActiveCfg = Shipping|x64
		{2BE3E0C9-8D5C-4099-A27F-EE9ECD9B14B7}.Shipping|Win64.Build.0 = Shipping|x64
	EndGlobalSection
	GlobalSection(SolutionProperties) = preSolution
		HideSolutionNode = FALSE
	EndGlobalSection
	GlobalSection(NestedProjects) = preSolution
		{6114C199-CB6E-4070-8C15-CD7E9ADFDD61} = {66424D92-BB5D-4E93-A539-80287DB4AB04}
		{2BE3E0C9-8D5C-4099-A27F-EE9ECD9B14B7} = {A733DB94-34D4-479D-8941-B14A7AE41039}
	EndGlobalSection
EndGlobal
